// !$*UTF8*$!
{
	archiveVersion = 1;
	classes = {
	};
	objectVersion = 56;
	objects = {

/* Begin PBXBuildFile section */
		5236A9E32BDF328B00A369F8 /* AnimaliaApp.swift in Sources */ = {isa = PBXBuildFile; fileRef = 5236A9E22BDF328B00A369F8 /* AnimaliaApp.swift */; };
		5236A9E52BDF328B00A369F8 /* BrowseView.swift in Sources */ = {isa = PBXBuildFile; fileRef = 5236A9E42BDF328B00A369F8 /* BrowseView.swift */; };
		5236A9E72BDF328C00A369F8 /* Assets.xcassets in Resources */ = {isa = PBXBuildFile; fileRef = 5236A9E62BDF328C00A369F8 /* Assets.xcassets */; };
		5236A9EA2BDF328C00A369F8 /* Preview Assets.xcassets in Resources */ = {isa = PBXBuildFile; fileRef = 5236A9E92BDF328C00A369F8 /* Preview Assets.xcassets */; };
		5236A9F82BDF35A900A369F8 /* animals.json in Resources */ = {isa = PBXBuildFile; fileRef = 5236A9F32BDF35A900A369F8 /* animals.json */; };
		5236A9F92BDF35A900A369F8 /* covers.json in Resources */ = {isa = PBXBuildFile; fileRef = 5236A9F42BDF35A900A369F8 /* covers.json */; };
		5236A9FA2BDF35A900A369F8 /* locations.json in Resources */ = {isa = PBXBuildFile; fileRef = 5236A9F52BDF35A900A369F8 /* locations.json */; };
		5236A9FB2BDF35A900A369F8 /* videos.json in Resources */ = {isa = PBXBuildFile; fileRef = 5236A9F62BDF35A900A369F8 /* videos.json */; };
		5236AA072BDF35B400A369F8 /* cheetah.mp4 in Resources */ = {isa = PBXBuildFile; fileRef = 5236A9FC2BDF35B400A369F8 /* cheetah.mp4 */; };
		5236AA082BDF35B400A369F8 /* elephant.mp4 in Resources */ = {isa = PBXBuildFile; fileRef = 5236A9FD2BDF35B400A369F8 /* elephant.mp4 */; };
		5236AA092BDF35B400A369F8 /* giraffe.mp4 in Resources */ = {isa = PBXBuildFile; fileRef = 5236A9FE2BDF35B400A369F8 /* giraffe.mp4 */; };
		5236AA0A2BDF35B400A369F8 /* gorilla.mp4 in Resources */ = {isa = PBXBuildFile; fileRef = 5236A9FF2BDF35B400A369F8 /* gorilla.mp4 */; };
		5236AA0B2BDF35B400A369F8 /* hippo.mp4 in Resources */ = {isa = PBXBuildFile; fileRef = 5236AA002BDF35B400A369F8 /* hippo.mp4 */; };
		5236AA0C2BDF35B400A369F8 /* lion.mp4 in Resources */ = {isa = PBXBuildFile; fileRef = 5236AA012BDF35B400A369F8 /* lion.mp4 */; };
		5236AA0D2BDF35B400A369F8 /* lioness.mp4 in Resources */ = {isa = PBXBuildFile; fileRef = 5236AA022BDF35B400A369F8 /* lioness.mp4 */; };
		5236AA0E2BDF35B400A369F8 /* ostrich.mp4 in Resources */ = {isa = PBXBuildFile; fileRef = 5236AA032BDF35B400A369F8 /* ostrich.mp4 */; };
		5236AA0F2BDF35B400A369F8 /* rhino.mp4 in Resources */ = {isa = PBXBuildFile; fileRef = 5236AA042BDF35B400A369F8 /* rhino.mp4 */; };
		5236AA102BDF35B400A369F8 /* zebra.mp4 in Resources */ = {isa = PBXBuildFile; fileRef = 5236AA052BDF35B400A369F8 /* zebra.mp4 */; };
		5236AA152BDF37E900A369F8 /* CoverImageView.swift in Sources */ = {isa = PBXBuildFile; fileRef = 5236AA142BDF37E900A369F8 /* CoverImageView.swift */; };
		5236AA182BDF38EE00A369F8 /* CoverImageModel.swift in Sources */ = {isa = PBXBuildFile; fileRef = 5236AA172BDF38EE00A369F8 /* CoverImageModel.swift */; };
		5236AA1B2BDF39C200A369F8 /* Bundle+Ext.swift in Sources */ = {isa = PBXBuildFile; fileRef = 5236AA1A2BDF39C200A369F8 /* Bundle+Ext.swift */; };
		5236AA1F2BDF43D800A369F8 /* AnimalModel.swift in Sources */ = {isa = PBXBuildFile; fileRef = 5236AA1E2BDF43D800A369F8 /* AnimalModel.swift */; };
		5236AA212BDF44BD00A369F8 /* AnimalListItemView.swift in Sources */ = {isa = PBXBuildFile; fileRef = 5236AA202BDF44BD00A369F8 /* AnimalListItemView.swift */; };
		5236AA242BDF504E00A369F8 /* OctagonImageFrame.swift in Sources */ = {isa = PBXBuildFile; fileRef = 5236AA232BDF504E00A369F8 /* OctagonImageFrame.swift */; };
		5236AA262BDF5D1B00A369F8 /* AnimalGridItemView.swift in Sources */ = {isa = PBXBuildFile; fileRef = 5236AA252BDF5D1B00A369F8 /* AnimalGridItemView.swift */; };
		5236AA282BDF60D000A369F8 /* MainView.swift in Sources */ = {isa = PBXBuildFile; fileRef = 5236AA272BDF60D000A369F8 /* MainView.swift */; };
		5236AA2A2BDF774800A369F8 /* AnimalDetailView.swift in Sources */ = {isa = PBXBuildFile; fileRef = 5236AA292BDF774800A369F8 /* AnimalDetailView.swift */; };
		5236AA2C2BDF7CB100A369F8 /* HeadingView.swift in Sources */ = {isa = PBXBuildFile; fileRef = 5236AA2B2BDF7CB100A369F8 /* HeadingView.swift */; };
		5236AA2E2BDF7F5800A369F8 /* InsetGalleryView.swift in Sources */ = {isa = PBXBuildFile; fileRef = 5236AA2D2BDF7F5800A369F8 /* InsetGalleryView.swift */; };
		5236AA302BDF828A00A369F8 /* InsetFactView.swift in Sources */ = {isa = PBXBuildFile; fileRef = 5236AA2F2BDF828A00A369F8 /* InsetFactView.swift */; };
		5236AA322BDF8B4700A369F8 /* InsetMapView.swift in Sources */ = {isa = PBXBuildFile; fileRef = 5236AA312BDF8B4700A369F8 /* InsetMapView.swift */; };
		5236AA342BDF8E1C00A369F8 /* CLLocation+Ext.swift in Sources */ = {isa = PBXBuildFile; fileRef = 5236AA332BDF8E1C00A369F8 /* CLLocation+Ext.swift */; };
		5236AA362BDF946C00A369F8 /* ExternalWebLinkView.swift in Sources */ = {isa = PBXBuildFile; fileRef = 5236AA352BDF946C00A369F8 /* ExternalWebLinkView.swift */; };
		5236AA3E2BE08F5300A369F8 /* VideoModel.swift in Sources */ = {isa = PBXBuildFile; fileRef = 5236AA3D2BE08F5300A369F8 /* VideoModel.swift */; };
		5236AA412BE0905C00A369F8 /* VideoPlayerHelper.swift in Sources */ = {isa = PBXBuildFile; fileRef = 5236AA402BE0905C00A369F8 /* VideoPlayerHelper.swift */; };
		5236AA432BE0921B00A369F8 /* VideoPlayerView.swift in Sources */ = {isa = PBXBuildFile; fileRef = 5236AA422BE0921B00A369F8 /* VideoPlayerView.swift */; };
		5236AA472BE096DA00A369F8 /* VideoListItemView.swift in Sources */ = {isa = PBXBuildFile; fileRef = 5236AA462BE096DA00A369F8 /* VideoListItemView.swift */; };
		5236AA492BE098F000A369F8 /* WatchView.swift in Sources */ = {isa = PBXBuildFile; fileRef = 5236AA482BE098F000A369F8 /* WatchView.swift */; };
/* End PBXBuildFile section */

/* Begin PBXFileReference section */
		5236A9DF2BDF328B00A369F8 /* Animalia.app */ = {isa = PBXFileReference; explicitFileType = wrapper.application; includeInIndex = 0; path = Animalia.app; sourceTree = BUILT_PRODUCTS_DIR; };
		5236A9E22BDF328B00A369F8 /* AnimaliaApp.swift */ = {isa = PBXFileReference; lastKnownFileType = sourcecode.swift; path = AnimaliaApp.swift; sourceTree = "<group>"; };
		5236A9E42BDF328B00A369F8 /* BrowseView.swift */ = {isa = PBXFileReference; lastKnownFileType = sourcecode.swift; path = BrowseView.swift; sourceTree = "<group>"; };
		5236A9E62BDF328C00A369F8 /* Assets.xcassets */ = {isa = PBXFileReference; lastKnownFileType = folder.assetcatalog; path = Assets.xcassets; sourceTree = "<group>"; };
		5236A9E92BDF328C00A369F8 /* Preview Assets.xcassets */ = {isa = PBXFileReference; lastKnownFileType = folder.assetcatalog; path = "Preview Assets.xcassets"; sourceTree = "<group>"; };
		5236A9F32BDF35A900A369F8 /* animals.json */ = {isa = PBXFileReference; fileEncoding = 4; lastKnownFileType = text.json; path = animals.json; sourceTree = "<group>"; };
		5236A9F42BDF35A900A369F8 /* covers.json */ = {isa = PBXFileReference; fileEncoding = 4; lastKnownFileType = text.json; path = covers.json; sourceTree = "<group>"; };
		5236A9F52BDF35A900A369F8 /* locations.json */ = {isa = PBXFileReference; fileEncoding = 4; lastKnownFileType = text.json; path = locations.json; sourceTree = "<group>"; };
		5236A9F62BDF35A900A369F8 /* videos.json */ = {isa = PBXFileReference; fileEncoding = 4; lastKnownFileType = text.json; path = videos.json; sourceTree = "<group>"; };
		5236A9FC2BDF35B400A369F8 /* cheetah.mp4 */ = {isa = PBXFileReference; lastKnownFileType = file; path = cheetah.mp4; sourceTree = "<group>"; };
		5236A9FD2BDF35B400A369F8 /* elephant.mp4 */ = {isa = PBXFileReference; lastKnownFileType = file; path = elephant.mp4; sourceTree = "<group>"; };
		5236A9FE2BDF35B400A369F8 /* giraffe.mp4 */ = {isa = PBXFileReference; lastKnownFileType = file; path = giraffe.mp4; sourceTree = "<group>"; };
		5236A9FF2BDF35B400A369F8 /* gorilla.mp4 */ = {isa = PBXFileReference; lastKnownFileType = file; path = gorilla.mp4; sourceTree = "<group>"; };
		5236AA002BDF35B400A369F8 /* hippo.mp4 */ = {isa = PBXFileReference; lastKnownFileType = file; path = hippo.mp4; sourceTree = "<group>"; };
		5236AA012BDF35B400A369F8 /* lion.mp4 */ = {isa = PBXFileReference; lastKnownFileType = file; path = lion.mp4; sourceTree = "<group>"; };
		5236AA022BDF35B400A369F8 /* lioness.mp4 */ = {isa = PBXFileReference; lastKnownFileType = file; path = lioness.mp4; sourceTree = "<group>"; };
		5236AA032BDF35B400A369F8 /* ostrich.mp4 */ = {isa = PBXFileReference; lastKnownFileType = file; path = ostrich.mp4; sourceTree = "<group>"; };
		5236AA042BDF35B400A369F8 /* rhino.mp4 */ = {isa = PBXFileReference; lastKnownFileType = file; path = rhino.mp4; sourceTree = "<group>"; };
		5236AA052BDF35B400A369F8 /* zebra.mp4 */ = {isa = PBXFileReference; lastKnownFileType = file; path = zebra.mp4; sourceTree = "<group>"; };
		5236AA142BDF37E900A369F8 /* CoverImageView.swift */ = {isa = PBXFileReference; lastKnownFileType = sourcecode.swift; path = CoverImageView.swift; sourceTree = "<group>"; };
		5236AA172BDF38EE00A369F8 /* CoverImageModel.swift */ = {isa = PBXFileReference; lastKnownFileType = sourcecode.swift; path = CoverImageModel.swift; sourceTree = "<group>"; };
		5236AA1A2BDF39C200A369F8 /* Bundle+Ext.swift */ = {isa = PBXFileReference; lastKnownFileType = sourcecode.swift; path = "Bundle+Ext.swift"; sourceTree = "<group>"; };
		5236AA1C2BDF3FE600A369F8 /* Info.plist */ = {isa = PBXFileReference; lastKnownFileType = text.plist; path = Info.plist; sourceTree = "<group>"; };
		5236AA1E2BDF43D800A369F8 /* AnimalModel.swift */ = {isa = PBXFileReference; lastKnownFileType = sourcecode.swift; path = AnimalModel.swift; sourceTree = "<group>"; };
		5236AA202BDF44BD00A369F8 /* AnimalListItemView.swift */ = {isa = PBXFileReference; lastKnownFileType = sourcecode.swift; path = AnimalListItemView.swift; sourceTree = "<group>"; };
		5236AA232BDF504E00A369F8 /* OctagonImageFrame.swift */ = {isa = PBXFileReference; lastKnownFileType = sourcecode.swift; path = OctagonImageFrame.swift; sourceTree = "<group>"; };
		5236AA252BDF5D1B00A369F8 /* AnimalGridItemView.swift */ = {isa = PBXFileReference; lastKnownFileType = sourcecode.swift; path = AnimalGridItemView.swift; sourceTree = "<group>"; };
		5236AA272BDF60D000A369F8 /* MainView.swift */ = {isa = PBXFileReference; lastKnownFileType = sourcecode.swift; path = MainView.swift; sourceTree = "<group>"; };
		5236AA292BDF774800A369F8 /* AnimalDetailView.swift */ = {isa = PBXFileReference; lastKnownFileType = sourcecode.swift; path = AnimalDetailView.swift; sourceTree = "<group>"; };
		5236AA2B2BDF7CB100A369F8 /* HeadingView.swift */ = {isa = PBXFileReference; lastKnownFileType = sourcecode.swift; path = HeadingView.swift; sourceTree = "<group>"; };
		5236AA2D2BDF7F5800A369F8 /* InsetGalleryView.swift */ = {isa = PBXFileReference; lastKnownFileType = sourcecode.swift; path = InsetGalleryView.swift; sourceTree = "<group>"; };
		5236AA2F2BDF828A00A369F8 /* InsetFactView.swift */ = {isa = PBXFileReference; lastKnownFileType = sourcecode.swift; path = InsetFactView.swift; sourceTree = "<group>"; };
		5236AA312BDF8B4700A369F8 /* InsetMapView.swift */ = {isa = PBXFileReference; lastKnownFileType = sourcecode.swift; path = InsetMapView.swift; sourceTree = "<group>"; };
		5236AA332BDF8E1C00A369F8 /* CLLocation+Ext.swift */ = {isa = PBXFileReference; lastKnownFileType = sourcecode.swift; path = "CLLocation+Ext.swift"; sourceTree = "<group>"; };
		5236AA352BDF946C00A369F8 /* ExternalWebLinkView.swift */ = {isa = PBXFileReference; lastKnownFileType = sourcecode.swift; path = ExternalWebLinkView.swift; sourceTree = "<group>"; };
		5236AA3D2BE08F5300A369F8 /* VideoModel.swift */ = {isa = PBXFileReference; lastKnownFileType = sourcecode.swift; path = VideoModel.swift; sourceTree = "<group>"; };
		5236AA402BE0905C00A369F8 /* VideoPlayerHelper.swift */ = {isa = PBXFileReference; lastKnownFileType = sourcecode.swift; path = VideoPlayerHelper.swift; sourceTree = "<group>"; };
		5236AA422BE0921B00A369F8 /* VideoPlayerView.swift */ = {isa = PBXFileReference; lastKnownFileType = sourcecode.swift; path = VideoPlayerView.swift; sourceTree = "<group>"; };
		5236AA462BE096DA00A369F8 /* VideoListItemView.swift */ = {isa = PBXFileReference; lastKnownFileType = sourcecode.swift; path = VideoListItemView.swift; sourceTree = "<group>"; };
		5236AA482BE098F000A369F8 /* WatchView.swift */ = {isa = PBXFileReference; lastKnownFileType = sourcecode.swift; path = WatchView.swift; sourceTree = "<group>"; };
/* End PBXFileReference section */

/* Begin PBXFrameworksBuildPhase section */
		5236A9DC2BDF328B00A369F8 /* Frameworks */ = {
			isa = PBXFrameworksBuildPhase;
			buildActionMask = 2147483647;
			files = (
			);
			runOnlyForDeploymentPostprocessing = 0;
		};
/* End PBXFrameworksBuildPhase section */

/* Begin PBXGroup section */
		5236A9D62BDF328B00A369F8 = {
			isa = PBXGroup;
			children = (
				5236A9E12BDF328B00A369F8 /* Animalia */,
				5236A9E02BDF328B00A369F8 /* Products */,
			);
			sourceTree = "<group>";
		};
		5236A9E02BDF328B00A369F8 /* Products */ = {
			isa = PBXGroup;
			children = (
				5236A9DF2BDF328B00A369F8 /* Animalia.app */,
			);
			name = Products;
			sourceTree = "<group>";
		};
		5236A9E12BDF328B00A369F8 /* Animalia */ = {
			isa = PBXGroup;
			children = (
				5236AA1C2BDF3FE600A369F8 /* Info.plist */,
				5236A9F02BDF329200A369F8 /* App */,
				5236AA192BDF398600A369F8 /* Extensions */,
				5236AA3F2BE0901C00A369F8 /* Helper */,
				5236A9F12BDF329C00A369F8 /* Main */,
				5236AA112BDF379E00A369F8 /* Modules */,
				5236A9E82BDF328C00A369F8 /* Preview Content */,
				5236A9F22BDF32A700A369F8 /* Resources */,
				5236AA3C2BE08ECA00A369F8 /* Services */,
			);
			path = Animalia;
			sourceTree = "<group>";
		};
		5236A9E82BDF328C00A369F8 /* Preview Content */ = {
			isa = PBXGroup;
			children = (
				5236A9E92BDF328C00A369F8 /* Preview Assets.xcassets */,
			);
			path = "Preview Content";
			sourceTree = "<group>";
		};
		5236A9F02BDF329200A369F8 /* App */ = {
			isa = PBXGroup;
			children = (
				5236A9E22BDF328B00A369F8 /* AnimaliaApp.swift */,
			);
			path = App;
			sourceTree = "<group>";
		};
		5236A9F12BDF329C00A369F8 /* Main */ = {
			isa = PBXGroup;
			children = (
				5236A9E42BDF328B00A369F8 /* BrowseView.swift */,
				5236AA272BDF60D000A369F8 /* MainView.swift */,
				5236AA482BE098F000A369F8 /* WatchView.swift */,
			);
			path = Main;
			sourceTree = "<group>";
		};
		5236A9F22BDF32A700A369F8 /* Resources */ = {
			isa = PBXGroup;
			children = (
				5236AA062BDF35B400A369F8 /* Video */,
				5236A9F72BDF35A900A369F8 /* Data */,
				5236A9E62BDF328C00A369F8 /* Assets.xcassets */,
			);
			path = Resources;
			sourceTree = "<group>";
		};
		5236A9F72BDF35A900A369F8 /* Data */ = {
			isa = PBXGroup;
			children = (
				5236A9F32BDF35A900A369F8 /* animals.json */,
				5236A9F42BDF35A900A369F8 /* covers.json */,
				5236A9F52BDF35A900A369F8 /* locations.json */,
				5236A9F62BDF35A900A369F8 /* videos.json */,
			);
			path = Data;
			sourceTree = "<group>";
		};
		5236AA062BDF35B400A369F8 /* Video */ = {
			isa = PBXGroup;
			children = (
				5236A9FC2BDF35B400A369F8 /* cheetah.mp4 */,
				5236A9FD2BDF35B400A369F8 /* elephant.mp4 */,
				5236A9FE2BDF35B400A369F8 /* giraffe.mp4 */,
				5236A9FF2BDF35B400A369F8 /* gorilla.mp4 */,
				5236AA002BDF35B400A369F8 /* hippo.mp4 */,
				5236AA012BDF35B400A369F8 /* lion.mp4 */,
				5236AA022BDF35B400A369F8 /* lioness.mp4 */,
				5236AA032BDF35B400A369F8 /* ostrich.mp4 */,
				5236AA042BDF35B400A369F8 /* rhino.mp4 */,
				5236AA052BDF35B400A369F8 /* zebra.mp4 */,
			);
			path = Video;
			sourceTree = "<group>";
		};
		5236AA112BDF379E00A369F8 /* Modules */ = {
			isa = PBXGroup;
			children = (
				5236AA3B2BE08E8200A369F8 /* ViewModels */,
				5236AA162BDF384000A369F8 /* Models */,
				5236AA122BDF37B000A369F8 /* Screen */,
			);
			path = Modules;
			sourceTree = "<group>";
		};
		5236AA122BDF37B000A369F8 /* Screen */ = {
			isa = PBXGroup;
			children = (
				5236AA3A2BE08D8600A369F8 /* Watch */,
				5236AA392BE08D7700A369F8 /* Browse */,
			);
			path = Screen;
			sourceTree = "<group>";
		};
		5236AA162BDF384000A369F8 /* Models */ = {
			isa = PBXGroup;
			children = (
				5236AA172BDF38EE00A369F8 /* CoverImageModel.swift */,
				5236AA1E2BDF43D800A369F8 /* AnimalModel.swift */,
				5236AA3D2BE08F5300A369F8 /* VideoModel.swift */,
			);
			path = Models;
			sourceTree = "<group>";
		};
		5236AA192BDF398600A369F8 /* Extensions */ = {
			isa = PBXGroup;
			children = (
				5236AA1A2BDF39C200A369F8 /* Bundle+Ext.swift */,
				5236AA332BDF8E1C00A369F8 /* CLLocation+Ext.swift */,
			);
			path = Extensions;
			sourceTree = "<group>";
		};
		5236AA372BDF947500A369F8 /* SubViewDetail */ = {
			isa = PBXGroup;
			children = (
				5236AA2B2BDF7CB100A369F8 /* HeadingView.swift */,
				5236AA2D2BDF7F5800A369F8 /* InsetGalleryView.swift */,
				5236AA2F2BDF828A00A369F8 /* InsetFactView.swift */,
				5236AA312BDF8B4700A369F8 /* InsetMapView.swift */,
				5236AA352BDF946C00A369F8 /* ExternalWebLinkView.swift */,
			);
			path = SubViewDetail;
			sourceTree = "<group>";
		};
		5236AA392BE08D7700A369F8 /* Browse */ = {
			isa = PBXGroup;
			children = (
				5236AA372BDF947500A369F8 /* SubViewDetail */,
				5236AA202BDF44BD00A369F8 /* AnimalListItemView.swift */,
				5236AA142BDF37E900A369F8 /* CoverImageView.swift */,
				5236AA232BDF504E00A369F8 /* OctagonImageFrame.swift */,
				5236AA252BDF5D1B00A369F8 /* AnimalGridItemView.swift */,
				5236AA292BDF774800A369F8 /* AnimalDetailView.swift */,
			);
			path = Browse;
			sourceTree = "<group>";
		};
		5236AA3A2BE08D8600A369F8 /* Watch */ = {
			isa = PBXGroup;
			children = (
				5236AA422BE0921B00A369F8 /* VideoPlayerView.swift */,
				5236AA462BE096DA00A369F8 /* VideoListItemView.swift */,
			);
			path = Watch;
			sourceTree = "<group>";
		};
		5236AA3B2BE08E8200A369F8 /* ViewModels */ = {
			isa = PBXGroup;
			children = (
			);
			path = ViewModels;
			sourceTree = "<group>";
		};
		5236AA3C2BE08ECA00A369F8 /* Services */ = {
			isa = PBXGroup;
			children = (
			);
			path = Services;
			sourceTree = "<group>";
		};
		5236AA3F2BE0901C00A369F8 /* Helper */ = {
			isa = PBXGroup;
			children = (
				5236AA402BE0905C00A369F8 /* VideoPlayerHelper.swift */,
			);
			path = Helper;
			sourceTree = "<group>";
		};
/* End PBXGroup section */

/* Begin PBXNativeTarget section */
		5236A9DE2BDF328B00A369F8 /* Animalia */ = {
			isa = PBXNativeTarget;
			buildConfigurationList = 5236A9ED2BDF328C00A369F8 /* Build configuration list for PBXNativeTarget "Animalia" */;
			buildPhases = (
				5236A9DB2BDF328B00A369F8 /* Sources */,
				5236A9DC2BDF328B00A369F8 /* Frameworks */,
				5236A9DD2BDF328B00A369F8 /* Resources */,
			);
			buildRules = (
			);
			dependencies = (
			);
			name = Animalia;
			productName = Animalia;
			productReference = 5236A9DF2BDF328B00A369F8 /* Animalia.app */;
			productType = "com.apple.product-type.application";
		};
/* End PBXNativeTarget section */

/* Begin PBXProject section */
		5236A9D72BDF328B00A369F8 /* Project object */ = {
			isa = PBXProject;
			attributes = {
				BuildIndependentTargetsInParallel = 1;
				LastSwiftUpdateCheck = 1530;
				LastUpgradeCheck = 1530;
				TargetAttributes = {
					5236A9DE2BDF328B00A369F8 = {
						CreatedOnToolsVersion = 15.3;
					};
				};
			};
			buildConfigurationList = 5236A9DA2BDF328B00A369F8 /* Build configuration list for PBXProject "Animalia" */;
			compatibilityVersion = "Xcode 14.0";
			developmentRegion = en;
			hasScannedForEncodings = 0;
			knownRegions = (
				en,
				Base,
			);
			mainGroup = 5236A9D62BDF328B00A369F8;
			productRefGroup = 5236A9E02BDF328B00A369F8 /* Products */;
			projectDirPath = "";
			projectRoot = "";
			targets = (
				5236A9DE2BDF328B00A369F8 /* Animalia */,
			);
		};
/* End PBXProject section */

/* Begin PBXResourcesBuildPhase section */
		5236A9DD2BDF328B00A369F8 /* Resources */ = {
			isa = PBXResourcesBuildPhase;
			buildActionMask = 2147483647;
			files = (
				5236A9F82BDF35A900A369F8 /* animals.json in Resources */,
				5236AA0C2BDF35B400A369F8 /* lion.mp4 in Resources */,
				5236AA0B2BDF35B400A369F8 /* hippo.mp4 in Resources */,
				5236AA0F2BDF35B400A369F8 /* rhino.mp4 in Resources */,
				5236A9F92BDF35A900A369F8 /* covers.json in Resources */,
				5236AA0D2BDF35B400A369F8 /* lioness.mp4 in Resources */,
				5236AA0A2BDF35B400A369F8 /* gorilla.mp4 in Resources */,
				5236A9FA2BDF35A900A369F8 /* locations.json in Resources */,
				5236A9EA2BDF328C00A369F8 /* Preview Assets.xcassets in Resources */,
				5236AA0E2BDF35B400A369F8 /* ostrich.mp4 in Resources */,
				5236AA082BDF35B400A369F8 /* elephant.mp4 in Resources */,
				5236A9E72BDF328C00A369F8 /* Assets.xcassets in Resources */,
				5236AA102BDF35B400A369F8 /* zebra.mp4 in Resources */,
				5236A9FB2BDF35A900A369F8 /* videos.json in Resources */,
				5236AA072BDF35B400A369F8 /* cheetah.mp4 in Resources */,
				5236AA092BDF35B400A369F8 /* giraffe.mp4 in Resources */,
			);
			runOnlyForDeploymentPostprocessing = 0;
		};
/* End PBXResourcesBuildPhase section */

/* Begin PBXSourcesBuildPhase section */
		5236A9DB2BDF328B00A369F8 /* Sources */ = {
			isa = PBXSourcesBuildPhase;
			buildActionMask = 2147483647;
			files = (
				5236AA302BDF828A00A369F8 /* InsetFactView.swift in Sources */,
				5236AA2A2BDF774800A369F8 /* AnimalDetailView.swift in Sources */,
				5236A9E52BDF328B00A369F8 /* BrowseView.swift in Sources */,
				5236AA342BDF8E1C00A369F8 /* CLLocation+Ext.swift in Sources */,
				5236AA152BDF37E900A369F8 /* CoverImageView.swift in Sources */,
				5236AA472BE096DA00A369F8 /* VideoListItemView.swift in Sources */,
				5236AA412BE0905C00A369F8 /* VideoPlayerHelper.swift in Sources */,
				5236AA1B2BDF39C200A369F8 /* Bundle+Ext.swift in Sources */,
				5236AA282BDF60D000A369F8 /* MainView.swift in Sources */,
				5236AA242BDF504E00A369F8 /* OctagonImageFrame.swift in Sources */,
				5236A9E32BDF328B00A369F8 /* AnimaliaApp.swift in Sources */,
				5236AA2C2BDF7CB100A369F8 /* HeadingView.swift in Sources */,
				5236AA182BDF38EE00A369F8 /* CoverImageModel.swift in Sources */,
				5236AA362BDF946C00A369F8 /* ExternalWebLinkView.swift in Sources */,
				5236AA492BE098F000A369F8 /* WatchView.swift in Sources */,
				5236AA1F2BDF43D800A369F8 /* AnimalModel.swift in Sources */,
				5236AA3E2BE08F5300A369F8 /* VideoModel.swift in Sources */,
				5236AA322BDF8B4700A369F8 /* InsetMapView.swift in Sources */,
				5236AA212BDF44BD00A369F8 /* AnimalListItemView.swift in Sources */,
				5236AA262BDF5D1B00A369F8 /* AnimalGridItemView.swift in Sources */,
				5236AA2E2BDF7F5800A369F8 /* InsetGalleryView.swift in Sources */,
				5236AA432BE0921B00A369F8 /* VideoPlayerView.swift in Sources */,
			);
			runOnlyForDeploymentPostprocessing = 0;
		};
/* End PBXSourcesBuildPhase section */

/* Begin XCBuildConfiguration section */
		5236A9EB2BDF328C00A369F8 /* Debug */ = {
			isa = XCBuildConfiguration;
			buildSettings = {
				ALWAYS_SEARCH_USER_PATHS = NO;
				ASSETCATALOG_COMPILER_GENERATE_SWIFT_ASSET_SYMBOL_EXTENSIONS = YES;
				CLANG_ANALYZER_NONNULL = YES;
				CLANG_ANALYZER_NUMBER_OBJECT_CONVERSION = YES_AGGRESSIVE;
				CLANG_CXX_LANGUAGE_STANDARD = "gnu++20";
				CLANG_ENABLE_MODULES = YES;
				CLANG_ENABLE_OBJC_ARC = YES;
				CLANG_ENABLE_OBJC_WEAK = YES;
				CLANG_WARN_BLOCK_CAPTURE_AUTORELEASING = YES;
				CLANG_WARN_BOOL_CONVERSION = YES;
				CLANG_WARN_COMMA = YES;
				CLANG_WARN_CONSTANT_CONVERSION = YES;
				CLANG_WARN_DEPRECATED_OBJC_IMPLEMENTATIONS = YES;
				CLANG_WARN_DIRECT_OBJC_ISA_USAGE = YES_ERROR;
				CLANG_WARN_DOCUMENTATION_COMMENTS = YES;
				CLANG_WARN_EMPTY_BODY = YES;
				CLANG_WARN_ENUM_CONVERSION = YES;
				CLANG_WARN_INFINITE_RECURSION = YES;
				CLANG_WARN_INT_CONVERSION = YES;
				CLANG_WARN_NON_LITERAL_NULL_CONVERSION = YES;
				CLANG_WARN_OBJC_IMPLICIT_RETAIN_SELF = YES;
				CLANG_WARN_OBJC_LITERAL_CONVERSION = YES;
				CLANG_WARN_OBJC_ROOT_CLASS = YES_ERROR;
				CLANG_WARN_QUOTED_INCLUDE_IN_FRAMEWORK_HEADER = YES;
				CLANG_WARN_RANGE_LOOP_ANALYSIS = YES;
				CLANG_WARN_STRICT_PROTOTYPES = YES;
				CLANG_WARN_SUSPICIOUS_MOVE = YES;
				CLANG_WARN_UNGUARDED_AVAILABILITY = YES_AGGRESSIVE;
				CLANG_WARN_UNREACHABLE_CODE = YES;
				CLANG_WARN__DUPLICATE_METHOD_MATCH = YES;
				COPY_PHASE_STRIP = NO;
				DEBUG_INFORMATION_FORMAT = dwarf;
				ENABLE_STRICT_OBJC_MSGSEND = YES;
				ENABLE_TESTABILITY = YES;
				ENABLE_USER_SCRIPT_SANDBOXING = YES;
				GCC_C_LANGUAGE_STANDARD = gnu17;
				GCC_DYNAMIC_NO_PIC = NO;
				GCC_NO_COMMON_BLOCKS = YES;
				GCC_OPTIMIZATION_LEVEL = 0;
				GCC_PREPROCESSOR_DEFINITIONS = (
					"DEBUG=1",
					"$(inherited)",
				);
				GCC_WARN_64_TO_32_BIT_CONVERSION = YES;
				GCC_WARN_ABOUT_RETURN_TYPE = YES_ERROR;
				GCC_WARN_UNDECLARED_SELECTOR = YES;
				GCC_WARN_UNINITIALIZED_AUTOS = YES_AGGRESSIVE;
				GCC_WARN_UNUSED_FUNCTION = YES;
				GCC_WARN_UNUSED_VARIABLE = YES;
				IPHONEOS_DEPLOYMENT_TARGET = 17.4;
				LOCALIZATION_PREFERS_STRING_CATALOGS = YES;
				MTL_ENABLE_DEBUG_INFO = INCLUDE_SOURCE;
				MTL_FAST_MATH = YES;
				ONLY_ACTIVE_ARCH = YES;
				SDKROOT = iphoneos;
				SWIFT_ACTIVE_COMPILATION_CONDITIONS = "DEBUG $(inherited)";
				SWIFT_OPTIMIZATION_LEVEL = "-Onone";
			};
			name = Debug;
		};
		5236A9EC2BDF328C00A369F8 /* Release */ = {
			isa = XCBuildConfiguration;
			buildSettings = {
				ALWAYS_SEARCH_USER_PATHS = NO;
				ASSETCATALOG_COMPILER_GENERATE_SWIFT_ASSET_SYMBOL_EXTENSIONS = YES;
				CLANG_ANALYZER_NONNULL = YES;
				CLANG_ANALYZER_NUMBER_OBJECT_CONVERSION = YES_AGGRESSIVE;
				CLANG_CXX_LANGUAGE_STANDARD = "gnu++20";
				CLANG_ENABLE_MODULES = YES;
				CLANG_ENABLE_OBJC_ARC = YES;
				CLANG_ENABLE_OBJC_WEAK = YES;
				CLANG_WARN_BLOCK_CAPTURE_AUTORELEASING = YES;
				CLANG_WARN_BOOL_CONVERSION = YES;
				CLANG_WARN_COMMA = YES;
				CLANG_WARN_CONSTANT_CONVERSION = YES;
				CLANG_WARN_DEPRECATED_OBJC_IMPLEMENTATIONS = YES;
				CLANG_WARN_DIRECT_OBJC_ISA_USAGE = YES_ERROR;
				CLANG_WARN_DOCUMENTATION_COMMENTS = YES;
				CLANG_WARN_EMPTY_BODY = YES;
				CLANG_WARN_ENUM_CONVERSION = YES;
				CLANG_WARN_INFINITE_RECURSION = YES;
				CLANG_WARN_INT_CONVERSION = YES;
				CLANG_WARN_NON_LITERAL_NULL_CONVERSION = YES;
				CLANG_WARN_OBJC_IMPLICIT_RETAIN_SELF = YES;
				CLANG_WARN_OBJC_LITERAL_CONVERSION = YES;
				CLANG_WARN_OBJC_ROOT_CLASS = YES_ERROR;
				CLANG_WARN_QUOTED_INCLUDE_IN_FRAMEWORK_HEADER = YES;
				CLANG_WARN_RANGE_LOOP_ANALYSIS = YES;
				CLANG_WARN_STRICT_PROTOTYPES = YES;
				CLANG_WARN_SUSPICIOUS_MOVE = YES;
				CLANG_WARN_UNGUARDED_AVAILABILITY = YES_AGGRESSIVE;
				CLANG_WARN_UNREACHABLE_CODE = YES;
				CLANG_WARN__DUPLICATE_METHOD_MATCH = YES;
				COPY_PHASE_STRIP = NO;
				DEBUG_INFORMATION_FORMAT = "dwarf-with-dsym";
				ENABLE_NS_ASSERTIONS = NO;
				ENABLE_STRICT_OBJC_MSGSEND = YES;
				ENABLE_USER_SCRIPT_SANDBOXING = YES;
				GCC_C_LANGUAGE_STANDARD = gnu17;
				GCC_NO_COMMON_BLOCKS = YES;
				GCC_WARN_64_TO_32_BIT_CONVERSION = YES;
				GCC_WARN_ABOUT_RETURN_TYPE = YES_ERROR;
				GCC_WARN_UNDECLARED_SELECTOR = YES;
				GCC_WARN_UNINITIALIZED_AUTOS = YES_AGGRESSIVE;
				GCC_WARN_UNUSED_FUNCTION = YES;
				GCC_WARN_UNUSED_VARIABLE = YES;
				IPHONEOS_DEPLOYMENT_TARGET = 17.4;
				LOCALIZATION_PREFERS_STRING_CATALOGS = YES;
				MTL_ENABLE_DEBUG_INFO = NO;
				MTL_FAST_MATH = YES;
				SDKROOT = iphoneos;
				SWIFT_COMPILATION_MODE = wholemodule;
				VALIDATE_PRODUCT = YES;
			};
			name = Release;
		};
		5236A9EE2BDF328C00A369F8 /* Debug */ = {
			isa = XCBuildConfiguration;
			buildSettings = {
				ASSETCATALOG_COMPILER_APPICON_NAME = AppIcon;
				ASSETCATALOG_COMPILER_GLOBAL_ACCENT_COLOR_NAME = AccentColor;
				CODE_SIGN_STYLE = Automatic;
				CURRENT_PROJECT_VERSION = 1;
				DEVELOPMENT_ASSET_PATHS = "\"Animalia/Preview Content\"";
				ENABLE_PREVIEWS = YES;
				GENERATE_INFOPLIST_FILE = YES;
				INFOPLIST_FILE = Animalia/Info.plist;
				INFOPLIST_KEY_UIApplicationSceneManifest_Generation = YES;
				INFOPLIST_KEY_UIApplicationSupportsIndirectInputEvents = YES;
				INFOPLIST_KEY_UISupportedInterfaceOrientations_iPad = "UIInterfaceOrientationPortrait UIInterfaceOrientationPortraitUpsideDown UIInterfaceOrientationLandscapeLeft UIInterfaceOrientationLandscapeRight";
				INFOPLIST_KEY_UISupportedInterfaceOrientations_iPhone = "UIInterfaceOrientationPortrait UIInterfaceOrientationLandscapeLeft UIInterfaceOrientationLandscapeRight";
				INFOPLIST_KEY_UIUserInterfaceStyle = Dark;
				IPHONEOS_DEPLOYMENT_TARGET = 17.0;
				LD_RUNPATH_SEARCH_PATHS = (
					"$(inherited)",
					"@executable_path/Frameworks",
				);
				MARKETING_VERSION = 1.0;
				PRODUCT_BUNDLE_IDENTIFIER = com.bcas.Animalia;
				PRODUCT_NAME = "$(TARGET_NAME)";
				SWIFT_EMIT_LOC_STRINGS = YES;
				SWIFT_VERSION = 5.0;
				TARGETED_DEVICE_FAMILY = "1,2";
			};
			name = Debug;
		};
		5236A9EF2BDF328C00A369F8 /* Release */ = {
			isa = XCBuildConfiguration;
			buildSettings = {
				ASSETCATALOG_COMPILER_APPICON_NAME = AppIcon;
				ASSETCATALOG_COMPILER_GLOBAL_ACCENT_COLOR_NAME = AccentColor;
				CODE_SIGN_STYLE = Automatic;
				CURRENT_PROJECT_VERSION = 1;
				DEVELOPMENT_ASSET_PATHS = "\"Animalia/Preview Content\"";
				ENABLE_PREVIEWS = YES;
				GENERATE_INFOPLIST_FILE = YES;
				INFOPLIST_FILE = Animalia/Info.plist;
				INFOPLIST_KEY_UIApplicationSceneManifest_Generation = YES;
				INFOPLIST_KEY_UIApplicationSupportsIndirectInputEvents = YES;
				INFOPLIST_KEY_UISupportedInterfaceOrientations_iPad = "UIInterfaceOrientationPortrait UIInterfaceOrientationPortraitUpsideDown UIInterfaceOrientationLandscapeLeft UIInterfaceOrientationLandscapeRight";
				INFOPLIST_KEY_UISupportedInterfaceOrientations_iPhone = "UIInterfaceOrientationPortrait UIInterfaceOrientationLandscapeLeft UIInterfaceOrientationLandscapeRight";
				INFOPLIST_KEY_UIUserInterfaceStyle = Dark;
				IPHONEOS_DEPLOYMENT_TARGET = 17.0;
				LD_RUNPATH_SEARCH_PATHS = (
					"$(inherited)",
					"@executable_path/Frameworks",
				);
				MARKETING_VERSION = 1.0;
				PRODUCT_BUNDLE_IDENTIFIER = com.bcas.Animalia;
				PRODUCT_NAME = "$(TARGET_NAME)";
				SWIFT_EMIT_LOC_STRINGS = YES;
				SWIFT_VERSION = 5.0;
				TARGETED_DEVICE_FAMILY = "1,2";
			};
			name = Release;
		};
/* End XCBuildConfiguration section */

/* Begin XCConfigurationList section */
		5236A9DA2BDF328B00A369F8 /* Build configuration list for PBXProject "Animalia" */ = {
			isa = XCConfigurationList;
			buildConfigurations = (
				5236A9EB2BDF328C00A369F8 /* Debug */,
				5236A9EC2BDF328C00A369F8 /* Release */,
			);
			defaultConfigurationIsVisible = 0;
			defaultConfigurationName = Release;
		};
		5236A9ED2BDF328C00A369F8 /* Build configuration list for PBXNativeTarget "Animalia" */ = {
			isa = XCConfigurationList;
			buildConfigurations = (
				5236A9EE2BDF328C00A369F8 /* Debug */,
				5236A9EF2BDF328C00A369F8 /* Release */,
			);
			defaultConfigurationIsVisible = 0;
			defaultConfigurationName = Release;
		};
/* End XCConfigurationList section */
	};
	rootObject = 5236A9D72BDF328B00A369F8 /* Project object */;
}
